
Microsoft Visual Studio Solution File, Format Version 12.00
# Visual Studio 2013
VisualStudioVersion = 12.0.40629.0
MinimumVisualStudioVersion = 10.0.40219.1
Project("{888888A0-9F3D-457C-B088-3A5042F75D52}") = "insights_crawl", "insights_crawl\insights_crawl.pyproj", "{1FF17DB8-25EA-4EB4-AE77-D565D65FBFAF}"
EndProject
Global
	GlobalSection(SolutionConfigurationPlatforms) = preSolution
		Debug|Any CPU = Debug|Any CPU
		Release|Any CPU = Release|Any CPU
	EndGlobalSection
	GlobalSection(ProjectConfigurationPlatforms) = postSolution
		{1FF17DB8-25EA-4EB4-AE77-D565D65FBFAF}.Debug|Any CPU.ActiveCfg = Debug|Any CPU
		{1FF17DB8-25EA-4EB4-AE77-D565D65FBFAF}.Debug|Any CPU.Build.0 = Debug|Any CPU
		{1FF17DB8-25EA-4EB4-AE77-D565D65FBFAF}.Release|Any CPU.ActiveCfg = Release|Any CPU
		{1FF17DB8-25EA-4EB4-AE77-D565D65FBFAF}.Release|Any CPU.Build.0 = Release|Any CPU
	EndGlobalSection
	GlobalSection(SolutionProperties) = preSolution
		HideSolutionNode = FALSE
	EndGlobalSection
EndGlobal
